// !$*UTF8*$!
{
	archiveVersion = 1;
	classes = {
	};
	objectVersion = 46;
	objects = {

/* Begin PBXBuildFile section */
		0325A4C61DA497E10024C489 /* main.m in Sources */ = {isa = PBXBuildFile; fileRef = 0325A4C51DA497E10024C489 /* main.m */; };
		0325A4C91DA497E10024C489 /* AppDelegate.m in Sources */ = {isa = PBXBuildFile; fileRef = 0325A4C81DA497E10024C489 /* AppDelegate.m */; };
		0325A4CF1DA497E10024C489 /* Main.storyboard in Resources */ = {isa = PBXBuildFile; fileRef = 0325A4CD1DA497E10024C489 /* Main.storyboard */; };
		0325A4D11DA497E10024C489 /* Assets.xcassets in Resources */ = {isa = PBXBuildFile; fileRef = 0325A4D01DA497E10024C489 /* Assets.xcassets */; };
		0325A4D41DA497E10024C489 /* LaunchScreen.storyboard in Resources */ = {isa = PBXBuildFile; fileRef = 0325A4D21DA497E10024C489 /* LaunchScreen.storyboard */; };
		0325A5091DA4D4440024C489 /* CHViewController.m in Sources */ = {isa = PBXBuildFile; fileRef = 0325A4F71DA4D4440024C489 /* CHViewController.m */; };
		0325A50A1DA4D4440024C489 /* CHDrawView.m in Sources */ = {isa = PBXBuildFile; fileRef = 0325A4FB1DA4D4440024C489 /* CHDrawView.m */; };
		0325A50B1DA4D4440024C489 /* CHDrawView2.m in Sources */ = {isa = PBXBuildFile; fileRef = 0325A4FD1DA4D4440024C489 /* CHDrawView2.m */; };
		0325A50C1DA4D4440024C489 /* CHProgressView.m in Sources */ = {isa = PBXBuildFile; fileRef = 0325A4FF1DA4D4440024C489 /* CHProgressView.m */; };
		0325A50D1DA4D4440024C489 /* CHProgressView.xib in Resources */ = {isa = PBXBuildFile; fileRef = 0325A5001DA4D4440024C489 /* CHProgressView.xib */; };
		0325A5141DA4D5E50024C489 /* CHFirstNavigationController.m in Sources */ = {isa = PBXBuildFile; fileRef = 0325A5131DA4D5E50024C489 /* CHFirstNavigationController.m */; };
		0325A5171DA4D6000024C489 /* CHSecondNavigationController.m in Sources */ = {isa = PBXBuildFile; fileRef = 0325A5161DA4D6000024C489 /* CHSecondNavigationController.m */; };
		0325A51A1DA4D6140024C489 /* CHThirdNavigationController.m in Sources */ = {isa = PBXBuildFile; fileRef = 0325A5191DA4D6140024C489 /* CHThirdNavigationController.m */; };
		0325A51D1DA4D9910024C489 /* CHSnowViewController.m in Sources */ = {isa = PBXBuildFile; fileRef = 0325A51C1DA4D9910024C489 /* CHSnowViewController.m */; };
		0325A5201DA4DA4C0024C489 /* CHSnowImageView.m in Sources */ = {isa = PBXBuildFile; fileRef = 0325A51F1DA4DA4C0024C489 /* CHSnowImageView.m */; };
		0325A5261DA4FC3E0024C489 /* UIView+CHFrame.m in Sources */ = {isa = PBXBuildFile; fileRef = 0325A5241DA4FC3E0024C489 /* UIView+CHFrame.m */; };
		0325A52A1DA5F5170024C489 /* UIImage+clipImage.m in Sources */ = {isa = PBXBuildFile; fileRef = 0325A5291DA5F5170024C489 /* UIImage+clipImage.m */; };
		0325A52E1DA5FB780024C489 /* CHUnlockedViewController.m in Sources */ = {isa = PBXBuildFile; fileRef = 0325A52C1DA5FB780024C489 /* CHUnlockedViewController.m */; };
		0325A52F1DA5FB780024C489 /* CHUnlockedViewController.xib in Resources */ = {isa = PBXBuildFile; fileRef = 0325A52D1DA5FB780024C489 /* CHUnlockedViewController.xib */; };
		0325A5321DA5FBC70024C489 /* CHScreenView.m in Sources */ = {isa = PBXBuildFile; fileRef = 0325A5311DA5FBC70024C489 /* CHScreenView.m */; };
		0325A5351DA5FE940024C489 /* CHUnlockedButtonsView.m in Sources */ = {isa = PBXBuildFile; fileRef = 0325A5341DA5FE940024C489 /* CHUnlockedButtonsView.m */; };
		0325A5381DA60D160024C489 /* CHButton.m in Sources */ = {isa = PBXBuildFile; fileRef = 0325A5371DA60D160024C489 /* CHButton.m */; };
		0325A53C1DA62CB00024C489 /* CHPaintViewController.m in Sources */ = {isa = PBXBuildFile; fileRef = 0325A53A1DA62CB00024C489 /* CHPaintViewController.m */; };
		0325A53D1DA62CB00024C489 /* CHPaintViewController.xib in Resources */ = {isa = PBXBuildFile; fileRef = 0325A53B1DA62CB00024C489 /* CHPaintViewController.xib */; };
		0325A5401DA639310024C489 /* CHPaintView.m in Sources */ = {isa = PBXBuildFile; fileRef = 0325A53F1DA639310024C489 /* CHPaintView.m */; };
		0325A5431DA646A70024C489 /* CHBezierPath.m in Sources */ = {isa = PBXBuildFile; fileRef = 0325A5421DA646A70024C489 /* CHBezierPath.m */; };
		0325A5461DA650DC0024C489 /* CHEditingPictureView.m in Sources */ = {isa = PBXBuildFile; fileRef = 0325A5451DA650DC0024C489 /* CHEditingPictureView.m */; };
		0325A5491DA67A0D0024C489 /* CHTools.m in Sources */ = {isa = PBXBuildFile; fileRef = 0325A5481DA67A0D0024C489 /* CHTools.m */; };
		03CBCF761DA7604700640217 /* CHPikerViewController.m in Sources */ = {isa = PBXBuildFile; fileRef = 03CBCF741DA7604700640217 /* CHPikerViewController.m */; };
		03CBCF771DA7604700640217 /* CHPikerViewController.xib in Resources */ = {isa = PBXBuildFile; fileRef = 03CBCF751DA7604700640217 /* CHPikerViewController.xib */; };
		03CBCF7D1DA7614800640217 /* CHFlagTFiled.m in Sources */ = {isa = PBXBuildFile; fileRef = 03CBCF791DA7614800640217 /* CHFlagTFiled.m */; };
		03CBCF7E1DA7614800640217 /* CHFlagView.m in Sources */ = {isa = PBXBuildFile; fileRef = 03CBCF7B1DA7614800640217 /* CHFlagView.m */; };
		03CBCF7F1DA7614800640217 /* CHFlagView.xib in Resources */ = {isa = PBXBuildFile; fileRef = 03CBCF7C1DA7614800640217 /* CHFlagView.xib */; };
		03CBCF821DA7615500640217 /* CHFlagItem.m in Sources */ = {isa = PBXBuildFile; fileRef = 03CBCF811DA7615500640217 /* CHFlagItem.m */; };
		03CBCF841DA7616E00640217 /* flags.plist in Resources */ = {isa = PBXBuildFile; fileRef = 03CBCF831DA7616E00640217 /* flags.plist */; };
		03CBCF941DA766B300640217 /* agt.gif in Resources */ = {isa = PBXBuildFile; fileRef = 03CBCF861DA766B300640217 /* agt.gif */; };
		03CBCF951DA766B300640217 /* baxi.gif in Resources */ = {isa = PBXBuildFile; fileRef = 03CBCF871DA766B300640217 /* baxi.gif */; };
		03CBCF961DA766B300640217 /* deguo.gif in Resources */ = {isa = PBXBuildFile; fileRef = 03CBCF881DA766B300640217 /* deguo.gif */; };
		03CBCF971DA766B300640217 /* faguo.gif in Resources */ = {isa = PBXBuildFile; fileRef = 03CBCF891DA766B300640217 /* faguo.gif */; };
		03CBCF981DA766B300640217 /* hanguo.gif in Resources */ = {isa = PBXBuildFile; fileRef = 03CBCF8A1DA766B300640217 /* hanguo.gif */; };
		03CBCF991DA766B300640217 /* helan.gif in Resources */ = {isa = PBXBuildFile; fileRef = 03CBCF8B1DA766B300640217 /* helan.gif */; };
		03CBCF9A1DA766B300640217 /* putaoya.gif in Resources */ = {isa = PBXBuildFile; fileRef = 03CBCF8C1DA766B300640217 /* putaoya.gif */; };
		03CBCF9B1DA766B300640217 /* ruidian.gif in Resources */ = {isa = PBXBuildFile; fileRef = 03CBCF8D1DA766B300640217 /* ruidian.gif */; };
		03CBCF9C1DA766B300640217 /* ruishi.gif in Resources */ = {isa = PBXBuildFile; fileRef = 03CBCF8E1DA766B300640217 /* ruishi.gif */; };
		03CBCF9D1DA766B300640217 /* wlgui.gif in Resources */ = {isa = PBXBuildFile; fileRef = 03CBCF8F1DA766B300640217 /* wlgui.gif */; };
		03CBCF9E1DA766B300640217 /* xiby.gif in Resources */ = {isa = PBXBuildFile; fileRef = 03CBCF901DA766B300640217 /* xiby.gif */; };
		03CBCF9F1DA766B300640217 /* ydl.gif in Resources */ = {isa = PBXBuildFile; fileRef = 03CBCF911DA766B300640217 /* ydl.gif */; };
		03CBCFA01DA766B300640217 /* ying.png in Resources */ = {isa = PBXBuildFile; fileRef = 03CBCF921DA766B300640217 /* ying.png */; };
		03CBCFA11DA766B300640217 /* zhongguo.jpg in Resources */ = {isa = PBXBuildFile; fileRef = 03CBCF931DA766B300640217 /* zhongguo.jpg */; };
		03CBCFA41DA76DD800640217 /* CHDateTField.m in Sources */ = {isa = PBXBuildFile; fileRef = 03CBCFA31DA76DD800640217 /* CHDateTField.m */; };
		03CBCFBB1DA76E0700640217 /* MJExtensionConst.m in Sources */ = {isa = PBXBuildFile; fileRef = 03CBCFA81DA76E0700640217 /* MJExtensionConst.m */; };
		03CBCFBC1DA76E0700640217 /* MJFoundation.m in Sources */ = {isa = PBXBuildFile; fileRef = 03CBCFAA1DA76E0700640217 /* MJFoundation.m */; };
		03CBCFBD1DA76E0700640217 /* MJProperty.m in Sources */ = {isa = PBXBuildFile; fileRef = 03CBCFAC1DA76E0700640217 /* MJProperty.m */; };
		03CBCFBE1DA76E0700640217 /* MJPropertyKey.m in Sources */ = {isa = PBXBuildFile; fileRef = 03CBCFAE1DA76E0700640217 /* MJPropertyKey.m */; };
		03CBCFBF1DA76E0700640217 /* MJPropertyType.m in Sources */ = {isa = PBXBuildFile; fileRef = 03CBCFB01DA76E0700640217 /* MJPropertyType.m */; };
		03CBCFC01DA76E0700640217 /* NSObject+MJClass.m in Sources */ = {isa = PBXBuildFile; fileRef = 03CBCFB21DA76E0700640217 /* NSObject+MJClass.m */; };
		03CBCFC11DA76E0700640217 /* NSObject+MJCoding.m in Sources */ = {isa = PBXBuildFile; fileRef = 03CBCFB41DA76E0700640217 /* NSObject+MJCoding.m */; };
		03CBCFC21DA76E0700640217 /* NSObject+MJKeyValue.m in Sources */ = {isa = PBXBuildFile; fileRef = 03CBCFB61DA76E0700640217 /* NSObject+MJKeyValue.m */; };
		03CBCFC31DA76E0700640217 /* NSObject+MJProperty.m in Sources */ = {isa = PBXBuildFile; fileRef = 03CBCFB81DA76E0700640217 /* NSObject+MJProperty.m */; };
		03CBCFC41DA76E0700640217 /* NSString+MJExtension.m in Sources */ = {isa = PBXBuildFile; fileRef = 03CBCFBA1DA76E0700640217 /* NSString+MJExtension.m */; };
		03CBCFC61DA76E1B00640217 /* provinces.plist in Resources */ = {isa = PBXBuildFile; fileRef = 03CBCFC51DA76E1B00640217 /* provinces.plist */; };
		03CBCFC91DA76E2800640217 /* CHProvinceItem.m in Sources */ = {isa = PBXBuildFile; fileRef = 03CBCFC81DA76E2800640217 /* CHProvinceItem.m */; };
		03CBCFCC1DA76E3400640217 /* CHProvinceTField.m in Sources */ = {isa = PBXBuildFile; fileRef = 03CBCFCB1DA76E3400640217 /* CHProvinceTField.m */; };
		03CBCFCF1DA7755A00640217 /* CHHitTestBtn.m in Sources */ = {isa = PBXBuildFile; fileRef = 03CBCFCE1DA7755A00640217 /* CHHitTestBtn.m */; };
		03CBCFD21DA7890000640217 /* CHImagePlayerViewController.m in Sources */ = {isa = PBXBuildFile; fileRef = 03CBCFD11DA7890000640217 /* CHImagePlayerViewController.m */; };
		03CBCFD51DA78AB500640217 /* CHImagePlayerSV.m in Sources */ = {isa = PBXBuildFile; fileRef = 03CBCFD41DA78AB500640217 /* CHImagePlayerSV.m */; };
/* End PBXBuildFile section */

/* Begin PBXFileReference section */
		0325A4C11DA497E10024C489 /* Quartz2D.app */ = {isa = PBXFileReference; explicitFileType = wrapper.application; includeInIndex = 0; path = Quartz2D.app; sourceTree = BUILT_PRODUCTS_DIR; };
		0325A4C51DA497E10024C489 /* main.m */ = {isa = PBXFileReference; lastKnownFileType = sourcecode.c.objc; path = main.m; sourceTree = "<group>"; };
		0325A4C71DA497E10024C489 /* AppDelegate.h */ = {isa = PBXFileReference; lastKnownFileType = sourcecode.c.h; path = AppDelegate.h; sourceTree = "<group>"; };
		0325A4C81DA497E10024C489 /* AppDelegate.m */ = {isa = PBXFileReference; lastKnownFileType = sourcecode.c.objc; path = AppDelegate.m; sourceTree = "<group>"; };
		0325A4CE1DA497E10024C489 /* Base */ = {isa = PBXFileReference; lastKnownFileType = file.storyboard; name = Base; path = Base.lproj/Main.storyboard; sourceTree = "<group>"; };
		0325A4D01DA497E10024C489 /* Assets.xcassets */ = {isa = PBXFileReference; lastKnownFileType = folder.assetcatalog; path = Assets.xcassets; sourceTree = "<group>"; };
		0325A4D31DA497E10024C489 /* Base */ = {isa = PBXFileReference; lastKnownFileType = file.storyboard; name = Base; path = Base.lproj/LaunchScreen.storyboard; sourceTree = "<group>"; };
		0325A4D51DA497E10024C489 /* Info.plist */ = {isa = PBXFileReference; lastKnownFileType = text.plist.xml; path = Info.plist; sourceTree = "<group>"; };
		0325A4F61DA4D4440024C489 /* CHViewController.h */ = {isa = PBXFileReference; fileEncoding = 4; lastKnownFileType = sourcecode.c.h; path = CHViewController.h; sourceTree = "<group>"; };
		0325A4F71DA4D4440024C489 /* CHViewController.m */ = {isa = PBXFileReference; fileEncoding = 4; lastKnownFileType = sourcecode.c.objc; path = CHViewController.m; sourceTree = "<group>"; };
		0325A4FA1DA4D4440024C489 /* CHDrawView.h */ = {isa = PBXFileReference; fileEncoding = 4; lastKnownFileType = sourcecode.c.h; path = CHDrawView.h; sourceTree = "<group>"; };
		0325A4FB1DA4D4440024C489 /* CHDrawView.m */ = {isa = PBXFileReference; fileEncoding = 4; lastKnownFileType = sourcecode.c.objc; path = CHDrawView.m; sourceTree = "<group>"; };
		0325A4FC1DA4D4440024C489 /* CHDrawView2.h */ = {isa = PBXFileReference; fileEncoding = 4; lastKnownFileType = sourcecode.c.h; path = CHDrawView2.h; sourceTree = "<group>"; };
		0325A4FD1DA4D4440024C489 /* CHDrawView2.m */ = {isa = PBXFileReference; fileEncoding = 4; lastKnownFileType = sourcecode.c.objc; path = CHDrawView2.m; sourceTree = "<group>"; };
		0325A4FE1DA4D4440024C489 /* CHProgressView.h */ = {isa = PBXFileReference; fileEncoding = 4; lastKnownFileType = sourcecode.c.h; path = CHProgressView.h; sourceTree = "<group>"; };
		0325A4FF1DA4D4440024C489 /* CHProgressView.m */ = {isa = PBXFileReference; fileEncoding = 4; lastKnownFileType = sourcecode.c.objc; path = CHProgressView.m; sourceTree = "<group>"; };
		0325A5001DA4D4440024C489 /* CHProgressView.xib */ = {isa = PBXFileReference; fileEncoding = 4; lastKnownFileType = file.xib; path = CHProgressView.xib; sourceTree = "<group>"; };
		0325A5121DA4D5E50024C489 /* CHFirstNavigationController.h */ = {isa = PBXFileReference; fileEncoding = 4; lastKnownFileType = sourcecode.c.h; path = CHFirstNavigationController.h; sourceTree = "<group>"; };
		0325A5131DA4D5E50024C489 /* CHFirstNavigationController.m */ = {isa = PBXFileReference; fileEncoding = 4; lastKnownFileType = sourcecode.c.objc; path = CHFirstNavigationController.m; sourceTree = "<group>"; };
		0325A5151DA4D6000024C489 /* CHSecondNavigationController.h */ = {isa = PBXFileReference; fileEncoding = 4; lastKnownFileType = sourcecode.c.h; path = CHSecondNavigationController.h; sourceTree = "<group>"; };
		0325A5161DA4D6000024C489 /* CHSecondNavigationController.m */ = {isa = PBXFileReference; fileEncoding = 4; lastKnownFileType = sourcecode.c.objc; path = CHSecondNavigationController.m; sourceTree = "<group>"; };
		0325A5181DA4D6140024C489 /* CHThirdNavigationController.h */ = {isa = PBXFileReference; fileEncoding = 4; lastKnownFileType = sourcecode.c.h; path = CHThirdNavigationController.h; sourceTree = "<group>"; };
		0325A5191DA4D6140024C489 /* CHThirdNavigationController.m */ = {isa = PBXFileReference; fileEncoding = 4; lastKnownFileType = sourcecode.c.objc; path = CHThirdNavigationController.m; sourceTree = "<group>"; };
		0325A51B1DA4D9910024C489 /* CHSnowViewController.h */ = {isa = PBXFileReference; fileEncoding = 4; lastKnownFileType = sourcecode.c.h; path = CHSnowViewController.h; sourceTree = "<group>"; };
		0325A51C1DA4D9910024C489 /* CHSnowViewController.m */ = {isa = PBXFileReference; fileEncoding = 4; lastKnownFileType = sourcecode.c.objc; path = CHSnowViewController.m; sourceTree = "<group>"; };
		0325A51E1DA4DA4C0024C489 /* CHSnowImageView.h */ = {isa = PBXFileReference; fileEncoding = 4; lastKnownFileType = sourcecode.c.h; path = CHSnowImageView.h; sourceTree = "<group>"; };
		0325A51F1DA4DA4C0024C489 /* CHSnowImageView.m */ = {isa = PBXFileReference; fileEncoding = 4; lastKnownFileType = sourcecode.c.objc; path = CHSnowImageView.m; sourceTree = "<group>"; };
		0325A5231DA4FC3E0024C489 /* UIView+CHFrame.h */ = {isa = PBXFileReference; fileEncoding = 4; lastKnownFileType = sourcecode.c.h; path = "UIView+CHFrame.h"; sourceTree = "<group>"; };
		0325A5241DA4FC3E0024C489 /* UIView+CHFrame.m */ = {isa = PBXFileReference; fileEncoding = 4; lastKnownFileType = sourcecode.c.objc; path = "UIView+CHFrame.m"; sourceTree = "<group>"; };
		0325A5271DA4FC5B0024C489 /* PrefixHeader.pch */ = {isa = PBXFileReference; lastKnownFileType = sourcecode.c.h; path = PrefixHeader.pch; sourceTree = "<group>"; };
		0325A5281DA5F5170024C489 /* UIImage+clipImage.h */ = {isa = PBXFileReference; fileEncoding = 4; lastKnownFileType = sourcecode.c.h; path = "UIImage+clipImage.h"; sourceTree = "<group>"; };
		0325A5291DA5F5170024C489 /* UIImage+clipImage.m */ = {isa = PBXFileReference; fileEncoding = 4; lastKnownFileType = sourcecode.c.objc; path = "UIImage+clipImage.m"; sourceTree = "<group>"; };
		0325A52B1DA5FB780024C489 /* CHUnlockedViewController.h */ = {isa = PBXFileReference; fileEncoding = 4; lastKnownFileType = sourcecode.c.h; path = CHUnlockedViewController.h; sourceTree = "<group>"; };
		0325A52C1DA5FB780024C489 /* CHUnlockedViewController.m */ = {isa = PBXFileReference; fileEncoding = 4; lastKnownFileType = sourcecode.c.objc; path = CHUnlockedViewController.m; sourceTree = "<group>"; };
		0325A52D1DA5FB780024C489 /* CHUnlockedViewController.xib */ = {isa = PBXFileReference; fileEncoding = 4; lastKnownFileType = file.xib; path = CHUnlockedViewController.xib; sourceTree = "<group>"; };
		0325A5301DA5FBC70024C489 /* CHScreenView.h */ = {isa = PBXFileReference; fileEncoding = 4; lastKnownFileType = sourcecode.c.h; name = CHScreenView.h; path = Quartz2D/Classes/second/View/CHScreenView.h; sourceTree = SOURCE_ROOT; };
		0325A5311DA5FBC70024C489 /* CHScreenView.m */ = {isa = PBXFileReference; fileEncoding = 4; lastKnownFileType = sourcecode.c.objc; name = CHScreenView.m; path = Quartz2D/Classes/second/View/CHScreenView.m; sourceTree = SOURCE_ROOT; };
		0325A5331DA5FE940024C489 /* CHUnlockedButtonsView.h */ = {isa = PBXFileReference; fileEncoding = 4; lastKnownFileType = sourcecode.c.h; path = CHUnlockedButtonsView.h; sourceTree = "<group>"; };
		0325A5341DA5FE940024C489 /* CHUnlockedButtonsView.m */ = {isa = PBXFileReference; fileEncoding = 4; lastKnownFileType = sourcecode.c.objc; path = CHUnlockedButtonsView.m; sourceTree = "<group>"; };
		0325A5361DA60D160024C489 /* CHButton.h */ = {isa = PBXFileReference; fileEncoding = 4; lastKnownFileType = sourcecode.c.h; path = CHButton.h; sourceTree = "<group>"; };
		0325A5371DA60D160024C489 /* CHButton.m */ = {isa = PBXFileReference; fileEncoding = 4; lastKnownFileType = sourcecode.c.objc; path = CHButton.m; sourceTree = "<group>"; };
		0325A5391DA62CB00024C489 /* CHPaintViewController.h */ = {isa = PBXFileReference; fileEncoding = 4; lastKnownFileType = sourcecode.c.h; path = CHPaintViewController.h; sourceTree = "<group>"; };
		0325A53A1DA62CB00024C489 /* CHPaintViewController.m */ = {isa = PBXFileReference; fileEncoding = 4; lastKnownFileType = sourcecode.c.objc; path = CHPaintViewController.m; sourceTree = "<group>"; };
		0325A53B1DA62CB00024C489 /* CHPaintViewController.xib */ = {isa = PBXFileReference; fileEncoding = 4; lastKnownFileType = file.xib; path = CHPaintViewController.xib; sourceTree = "<group>"; };
		0325A53E1DA639310024C489 /* CHPaintView.h */ = {isa = PBXFileReference; fileEncoding = 4; lastKnownFileType = sourcecode.c.h; path = CHPaintView.h; sourceTree = "<group>"; };
		0325A53F1DA639310024C489 /* CHPaintView.m */ = {isa = PBXFileReference; fileEncoding = 4; lastKnownFileType = sourcecode.c.objc; path = CHPaintView.m; sourceTree = "<group>"; };
		0325A5411DA646A70024C489 /* CHBezierPath.h */ = {isa = PBXFileReference; fileEncoding = 4; lastKnownFileType = sourcecode.c.h; path = CHBezierPath.h; sourceTree = "<group>"; };
		0325A5421DA646A70024C489 /* CHBezierPath.m */ = {isa = PBXFileReference; fileEncoding = 4; lastKnownFileType = sourcecode.c.objc; path = CHBezierPath.m; sourceTree = "<group>"; };
		0325A5441DA650DC0024C489 /* CHEditingPictureView.h */ = {isa = PBXFileReference; fileEncoding = 4; lastKnownFileType = sourcecode.c.h; path = CHEditingPictureView.h; sourceTree = "<group>"; };
		0325A5451DA650DC0024C489 /* CHEditingPictureView.m */ = {isa = PBXFileReference; fileEncoding = 4; lastKnownFileType = sourcecode.c.objc; path = CHEditingPictureView.m; sourceTree = "<group>"; };
		0325A5471DA67A0D0024C489 /* CHTools.h */ = {isa = PBXFileReference; fileEncoding = 4; lastKnownFileType = sourcecode.c.h; path = CHTools.h; sourceTree = "<group>"; };
		0325A5481DA67A0D0024C489 /* CHTools.m */ = {isa = PBXFileReference; fileEncoding = 4; lastKnownFileType = sourcecode.c.objc; path = CHTools.m; sourceTree = "<group>"; };
		03CBCF731DA7604700640217 /* CHPikerViewController.h */ = {isa = PBXFileReference; fileEncoding = 4; lastKnownFileType = sourcecode.c.h; path = CHPikerViewController.h; sourceTree = "<group>"; };
		03CBCF741DA7604700640217 /* CHPikerViewController.m */ = {isa = PBXFileReference; fileEncoding = 4; lastKnownFileType = sourcecode.c.objc; path = CHPikerViewController.m; sourceTree = "<group>"; };
		03CBCF751DA7604700640217 /* CHPikerViewController.xib */ = {isa = PBXFileReference; fileEncoding = 4; lastKnownFileType = file.xib; path = CHPikerViewController.xib; sourceTree = "<group>"; };
		03CBCF781DA7614800640217 /* CHFlagTFiled.h */ = {isa = PBXFileReference; fileEncoding = 4; lastKnownFileType = sourcecode.c.h; path = CHFlagTFiled.h; sourceTree = "<group>"; };
		03CBCF791DA7614800640217 /* CHFlagTFiled.m */ = {isa = PBXFileReference; fileEncoding = 4; lastKnownFileType = sourcecode.c.objc; path = CHFlagTFiled.m; sourceTree = "<group>"; };
		03CBCF7A1DA7614800640217 /* CHFlagView.h */ = {isa = PBXFileReference; fileEncoding = 4; lastKnownFileType = sourcecode.c.h; path = CHFlagView.h; sourceTree = "<group>"; };
		03CBCF7B1DA7614800640217 /* CHFlagView.m */ = {isa = PBXFileReference; fileEncoding = 4; lastKnownFileType = sourcecode.c.objc; path = CHFlagView.m; sourceTree = "<group>"; };
		03CBCF7C1DA7614800640217 /* CHFlagView.xib */ = {isa = PBXFileReference; fileEncoding = 4; lastKnownFileType = file.xib; path = CHFlagView.xib; sourceTree = "<group>"; };
		03CBCF801DA7615500640217 /* CHFlagItem.h */ = {isa = PBXFileReference; fileEncoding = 4; lastKnownFileType = sourcecode.c.h; path = CHFlagItem.h; sourceTree = "<group>"; };
		03CBCF811DA7615500640217 /* CHFlagItem.m */ = {isa = PBXFileReference; fileEncoding = 4; lastKnownFileType = sourcecode.c.objc; path = CHFlagItem.m; sourceTree = "<group>"; };
		03CBCF831DA7616E00640217 /* flags.plist */ = {isa = PBXFileReference; fileEncoding = 4; lastKnownFileType = text.plist.xml; path = flags.plist; sourceTree = "<group>"; };
		03CBCF861DA766B300640217 /* agt.gif */ = {isa = PBXFileReference; lastKnownFileType = image.gif; path = agt.gif; sourceTree = "<group>"; };
		03CBCF871DA766B300640217 /* baxi.gif */ = {isa = PBXFileReference; lastKnownFileType = image.gif; path = baxi.gif; sourceTree = "<group>"; };
		03CBCF881DA766B300640217 /* deguo.gif */ = {isa = PBXFileReference; lastKnownFileType = image.gif; path = deguo.gif; sourceTree = "<group>"; };
		03CBCF891DA766B300640217 /* faguo.gif */ = {isa = PBXFileReference; lastKnownFileType = image.gif; path = faguo.gif; sourceTree = "<group>"; };
		03CBCF8A1DA766B300640217 /* hanguo.gif */ = {isa = PBXFileReference; lastKnownFileType = image.gif; path = hanguo.gif; sourceTree = "<group>"; };
		03CBCF8B1DA766B300640217 /* helan.gif */ = {isa = PBXFileReference; lastKnownFileType = image.gif; path = helan.gif; sourceTree = "<group>"; };
		03CBCF8C1DA766B300640217 /* putaoya.gif */ = {isa = PBXFileReference; lastKnownFileType = image.gif; path = putaoya.gif; sourceTree = "<group>"; };
		03CBCF8D1DA766B300640217 /* ruidian.gif */ = {isa = PBXFileReference; lastKnownFileType = image.gif; path = ruidian.gif; sourceTree = "<group>"; };
		03CBCF8E1DA766B300640217 /* ruishi.gif */ = {isa = PBXFileReference; lastKnownFileType = image.gif; path = ruishi.gif; sourceTree = "<group>"; };
		03CBCF8F1DA766B300640217 /* wlgui.gif */ = {isa = PBXFileReference; lastKnownFileType = image.gif; path = wlgui.gif; sourceTree = "<group>"; };
		03CBCF901DA766B300640217 /* xiby.gif */ = {isa = PBXFileReference; lastKnownFileType = image.gif; path = xiby.gif; sourceTree = "<group>"; };
		03CBCF911DA766B300640217 /* ydl.gif */ = {isa = PBXFileReference; lastKnownFileType = image.gif; path = ydl.gif; sourceTree = "<group>"; };
		03CBCF921DA766B300640217 /* ying.png */ = {isa = PBXFileReference; lastKnownFileType = image.png; path = ying.png; sourceTree = "<group>"; };
		03CBCF931DA766B300640217 /* zhongguo.jpg */ = {isa = PBXFileReference; lastKnownFileType = image.jpeg; path = zhongguo.jpg; sourceTree = "<group>"; };
		03CBCFA21DA76DD800640217 /* CHDateTField.h */ = {isa = PBXFileReference; fileEncoding = 4; lastKnownFileType = sourcecode.c.h; path = CHDateTField.h; sourceTree = "<group>"; };
		03CBCFA31DA76DD800640217 /* CHDateTField.m */ = {isa = PBXFileReference; fileEncoding = 4; lastKnownFileType = sourcecode.c.objc; path = CHDateTField.m; sourceTree = "<group>"; };
		03CBCFA61DA76E0700640217 /* MJExtension.h */ = {isa = PBXFileReference; fileEncoding = 4; lastKnownFileType = sourcecode.c.h; path = MJExtension.h; sourceTree = "<group>"; };
		03CBCFA71DA76E0700640217 /* MJExtensionConst.h */ = {isa = PBXFileReference; fileEncoding = 4; lastKnownFileType = sourcecode.c.h; path = MJExtensionConst.h; sourceTree = "<group>"; };
		03CBCFA81DA76E0700640217 /* MJExtensionConst.m */ = {isa = PBXFileReference; fileEncoding = 4; lastKnownFileType = sourcecode.c.objc; path = MJExtensionConst.m; sourceTree = "<group>"; };
		03CBCFA91DA76E0700640217 /* MJFoundation.h */ = {isa = PBXFileReference; fileEncoding = 4; lastKnownFileType = sourcecode.c.h; path = MJFoundation.h; sourceTree = "<group>"; };
		03CBCFAA1DA76E0700640217 /* MJFoundation.m */ = {isa = PBXFileReference; fileEncoding = 4; lastKnownFileType = sourcecode.c.objc; path = MJFoundation.m; sourceTree = "<group>"; };
		03CBCFAB1DA76E0700640217 /* MJProperty.h */ = {isa = PBXFileReference; fileEncoding = 4; lastKnownFileType = sourcecode.c.h; path = MJProperty.h; sourceTree = "<group>"; };
		03CBCFAC1DA76E0700640217 /* MJProperty.m */ = {isa = PBXFileReference; fileEncoding = 4; lastKnownFileType = sourcecode.c.objc; path = MJProperty.m; sourceTree = "<group>"; };
		03CBCFAD1DA76E0700640217 /* MJPropertyKey.h */ = {isa = PBXFileReference; fileEncoding = 4; lastKnownFileType = sourcecode.c.h; path = MJPropertyKey.h; sourceTree = "<group>"; };
		03CBCFAE1DA76E0700640217 /* MJPropertyKey.m */ = {isa = PBXFileReference; fileEncoding = 4; lastKnownFileType = sourcecode.c.objc; path = MJPropertyKey.m; sourceTree = "<group>"; };
		03CBCFAF1DA76E0700640217 /* MJPropertyType.h */ = {isa = PBXFileReference; fileEncoding = 4; lastKnownFileType = sourcecode.c.h; path = MJPropertyType.h; sourceTree = "<group>"; };
		03CBCFB01DA76E0700640217 /* MJPropertyType.m */ = {isa = PBXFileReference; fileEncoding = 4; lastKnownFileType = sourcecode.c.objc; path = MJPropertyType.m; sourceTree = "<group>"; };
		03CBCFB11DA76E0700640217 /* NSObject+MJClass.h */ = {isa = PBXFileReference; fileEncoding = 4; lastKnownFileType = sourcecode.c.h; path = "NSObject+MJClass.h"; sourceTree = "<group>"; };
		03CBCFB21DA76E0700640217 /* NSObject+MJClass.m */ = {isa = PBXFileReference; fileEncoding = 4; lastKnownFileType = sourcecode.c.objc; path = "NSObject+MJClass.m"; sourceTree = "<group>"; };
		03CBCFB31DA76E0700640217 /* NSObject+MJCoding.h */ = {isa = PBXFileReference; fileEncoding = 4; lastKnownFileType = sourcecode.c.h; path = "NSObject+MJCoding.h"; sourceTree = "<group>"; };
		03CBCFB41DA76E0700640217 /* NSObject+MJCoding.m */ = {isa = PBXFileReference; fileEncoding = 4; lastKnownFileType = sourcecode.c.objc; path = "NSObject+MJCoding.m"; sourceTree = "<group>"; };
		03CBCFB51DA76E0700640217 /* NSObject+MJKeyValue.h */ = {isa = PBXFileReference; fileEncoding = 4; lastKnownFileType = sourcecode.c.h; path = "NSObject+MJKeyValue.h"; sourceTree = "<group>"; };
		03CBCFB61DA76E0700640217 /* NSObject+MJKeyValue.m */ = {isa = PBXFileReference; fileEncoding = 4; lastKnownFileType = sourcecode.c.objc; path = "NSObject+MJKeyValue.m"; sourceTree = "<group>"; };
		03CBCFB71DA76E0700640217 /* NSObject+MJProperty.h */ = {isa = PBXFileReference; fileEncoding = 4; lastKnownFileType = sourcecode.c.h; path = "NSObject+MJProperty.h"; sourceTree = "<group>"; };
		03CBCFB81DA76E0700640217 /* NSObject+MJProperty.m */ = {isa = PBXFileReference; fileEncoding = 4; lastKnownFileType = sourcecode.c.objc; path = "NSObject+MJProperty.m"; sourceTree = "<group>"; };
		03CBCFB91DA76E0700640217 /* NSString+MJExtension.h */ = {isa = PBXFileReference; fileEncoding = 4; lastKnownFileType = sourcecode.c.h; path = "NSString+MJExtension.h"; sourceTree = "<group>"; };
		03CBCFBA1DA76E0700640217 /* NSString+MJExtension.m */ = {isa = PBXFileReference; fileEncoding = 4; lastKnownFileType = sourcecode.c.objc; path = "NSString+MJExtension.m"; sourceTree = "<group>"; };
		03CBCFC51DA76E1B00640217 /* provinces.plist */ = {isa = PBXFileReference; fileEncoding = 4; lastKnownFileType = text.plist.xml; path = provinces.plist; sourceTree = "<group>"; };
		03CBCFC71DA76E2800640217 /* CHProvinceItem.h */ = {isa = PBXFileReference; fileEncoding = 4; lastKnownFileType = sourcecode.c.h; path = CHProvinceItem.h; sourceTree = "<group>"; };
		03CBCFC81DA76E2800640217 /* CHProvinceItem.m */ = {isa = PBXFileReference; fileEncoding = 4; lastKnownFileType = sourcecode.c.objc; path = CHProvinceItem.m; sourceTree = "<group>"; };
		03CBCFCA1DA76E3400640217 /* CHProvinceTField.h */ = {isa = PBXFileReference; fileEncoding = 4; lastKnownFileType = sourcecode.c.h; path = CHProvinceTField.h; sourceTree = "<group>"; };
		03CBCFCB1DA76E3400640217 /* CHProvinceTField.m */ = {isa = PBXFileReference; fileEncoding = 4; lastKnownFileType = sourcecode.c.objc; path = CHProvinceTField.m; sourceTree = "<group>"; };
		03CBCFCD1DA7755A00640217 /* CHHitTestBtn.h */ = {isa = PBXFileReference; fileEncoding = 4; lastKnownFileType = sourcecode.c.h; path = CHHitTestBtn.h; sourceTree = "<group>"; };
		03CBCFCE1DA7755A00640217 /* CHHitTestBtn.m */ = {isa = PBXFileReference; fileEncoding = 4; lastKnownFileType = sourcecode.c.objc; path = CHHitTestBtn.m; sourceTree = "<group>"; };
		03CBCFD01DA7890000640217 /* CHImagePlayerViewController.h */ = {isa = PBXFileReference; fileEncoding = 4; lastKnownFileType = sourcecode.c.h; path = CHImagePlayerViewController.h; sourceTree = "<group>"; };
		03CBCFD11DA7890000640217 /* CHImagePlayerViewController.m */ = {isa = PBXFileReference; fileEncoding = 4; lastKnownFileType = sourcecode.c.objc; path = CHImagePlayerViewController.m; sourceTree = "<group>"; };
		03CBCFD31DA78AB500640217 /* CHImagePlayerSV.h */ = {isa = PBXFileReference; fileEncoding = 4; lastKnownFileType = sourcecode.c.h; path = CHImagePlayerSV.h; sourceTree = "<group>"; };
		03CBCFD41DA78AB500640217 /* CHImagePlayerSV.m */ = {isa = PBXFileReference; fileEncoding = 4; lastKnownFileType = sourcecode.c.objc; path = CHImagePlayerSV.m; sourceTree = "<group>"; };
/* End PBXFileReference section */

/* Begin PBXFrameworksBuildPhase section */
		0325A4BE1DA497E10024C489 /* Frameworks */ = {
			isa = PBXFrameworksBuildPhase;
			buildActionMask = 2147483647;
			files = (
			);
			runOnlyForDeploymentPostprocessing = 0;
		};
/* End PBXFrameworksBuildPhase section */

/* Begin PBXGroup section */
		0325A4B81DA497E10024C489 = {
			isa = PBXGroup;
			children = (
				0325A4C31DA497E10024C489 /* Quartz2D */,
				0325A4C21DA497E10024C489 /* Products */,
			);
			sourceTree = "<group>";
		};
		0325A4C21DA497E10024C489 /* Products */ = {
			isa = PBXGroup;
			children = (
				0325A4C11DA497E10024C489 /* Quartz2D.app */,
			);
			name = Products;
			sourceTree = "<group>";
		};
		0325A4C31DA497E10024C489 /* Quartz2D */ = {
			isa = PBXGroup;
			children = (
				0325A4F31DA4D4440024C489 /* Classes */,
				0325A4C71DA497E10024C489 /* AppDelegate.h */,
				0325A4C81DA497E10024C489 /* AppDelegate.m */,
				0325A4CD1DA497E10024C489 /* Main.storyboard */,
				0325A5271DA4FC5B0024C489 /* PrefixHeader.pch */,
				0325A4D01DA497E10024C489 /* Assets.xcassets */,
				03CBCF851DA766B300640217 /* flags */,
				0325A4D21DA497E10024C489 /* LaunchScreen.storyboard */,
				0325A4D51DA497E10024C489 /* Info.plist */,
				03CBCF831DA7616E00640217 /* flags.plist */,
				03CBCFC51DA76E1B00640217 /* provinces.plist */,
				0325A4C41DA497E10024C489 /* Supporting Files */,
			);
			path = Quartz2D;
			sourceTree = "<group>";
		};
		0325A4C41DA497E10024C489 /* Supporting Files */ = {
			isa = PBXGroup;
			children = (
				0325A4C51DA497E10024C489 /* main.m */,
			);
			name = "Supporting Files";
			sourceTree = "<group>";
		};
		0325A4F31DA4D4440024C489 /* Classes */ = {
			isa = PBXGroup;
			children = (
				0325A5211DA4FC3E0024C489 /* Other */,
				0325A50E1DA4D59D0024C489 /* Main */,
				0325A4F41DA4D4440024C489 /* First */,
				0325A5011DA4D4440024C489 /* second */,
				0325A5051DA4D4440024C489 /* Third */,
			);
			path = Classes;
			sourceTree = "<group>";
		};
		0325A4F41DA4D4440024C489 /* First */ = {
			isa = PBXGroup;
			children = (
				0325A4F51DA4D4440024C489 /* Controller */,
				0325A4F81DA4D4440024C489 /* Model */,
				0325A4F91DA4D4440024C489 /* View */,
			);
			path = First;
			sourceTree = "<group>";
		};
		0325A4F51DA4D4440024C489 /* Controller */ = {
			isa = PBXGroup;
			children = (
				0325A4F61DA4D4440024C489 /* CHViewController.h */,
				0325A4F71DA4D4440024C489 /* CHViewController.m */,
				0325A51B1DA4D9910024C489 /* CHSnowViewController.h */,
				0325A51C1DA4D9910024C489 /* CHSnowViewController.m */,
				03CBCF731DA7604700640217 /* CHPikerViewController.h */,
				03CBCF741DA7604700640217 /* CHPikerViewController.m */,
				03CBCF751DA7604700640217 /* CHPikerViewController.xib */,
			);
			path = Controller;
			sourceTree = "<group>";
		};
		0325A4F81DA4D4440024C489 /* Model */ = {
			isa = PBXGroup;
			children = (
				03CBCF801DA7615500640217 /* CHFlagItem.h */,
				03CBCF811DA7615500640217 /* CHFlagItem.m */,
				03CBCFC71DA76E2800640217 /* CHProvinceItem.h */,
				03CBCFC81DA76E2800640217 /* CHProvinceItem.m */,
			);
			path = Model;
			sourceTree = "<group>";
		};
		0325A4F91DA4D4440024C489 /* View */ = {
			isa = PBXGroup;
			children = (
				03CBCFCD1DA7755A00640217 /* CHHitTestBtn.h */,
				03CBCFCE1DA7755A00640217 /* CHHitTestBtn.m */,
				03CBCFCA1DA76E3400640217 /* CHProvinceTField.h */,
				03CBCFCB1DA76E3400640217 /* CHProvinceTField.m */,
				03CBCFA21DA76DD800640217 /* CHDateTField.h */,
				03CBCFA31DA76DD800640217 /* CHDateTField.m */,
				03CBCF781DA7614800640217 /* CHFlagTFiled.h */,
				03CBCF791DA7614800640217 /* CHFlagTFiled.m */,
				03CBCF7A1DA7614800640217 /* CHFlagView.h */,
				03CBCF7B1DA7614800640217 /* CHFlagView.m */,
				03CBCF7C1DA7614800640217 /* CHFlagView.xib */,
				0325A4FA1DA4D4440024C489 /* CHDrawView.h */,
				0325A4FB1DA4D4440024C489 /* CHDrawView.m */,
				0325A4FC1DA4D4440024C489 /* CHDrawView2.h */,
				0325A4FD1DA4D4440024C489 /* CHDrawView2.m */,
				0325A4FE1DA4D4440024C489 /* CHProgressView.h */,
				0325A4FF1DA4D4440024C489 /* CHProgressView.m */,
				0325A5001DA4D4440024C489 /* CHProgressView.xib */,
				0325A51E1DA4DA4C0024C489 /* CHSnowImageView.h */,
				0325A51F1DA4DA4C0024C489 /* CHSnowImageView.m */,
			);
			path = View;
			sourceTree = "<group>";
		};
		0325A5011DA4D4440024C489 /* second */ = {
			isa = PBXGroup;
			children = (
				0325A5021DA4D4440024C489 /* Controller */,
				0325A5031DA4D4440024C489 /* Model */,
				0325A5041DA4D4440024C489 /* View */,
			);
			path = second;
			sourceTree = "<group>";
		};
		0325A5021DA4D4440024C489 /* Controller */ = {
			isa = PBXGroup;
			children = (
				0325A52B1DA5FB780024C489 /* CHUnlockedViewController.h */,
				0325A52C1DA5FB780024C489 /* CHUnlockedViewController.m */,
				0325A52D1DA5FB780024C489 /* CHUnlockedViewController.xib */,
				0325A5391DA62CB00024C489 /* CHPaintViewController.h */,
				0325A53A1DA62CB00024C489 /* CHPaintViewController.m */,
				0325A53B1DA62CB00024C489 /* CHPaintViewController.xib */,
				03CBCFD01DA7890000640217 /* CHImagePlayerViewController.h */,
				03CBCFD11DA7890000640217 /* CHImagePlayerViewController.m */,
			);
			path = Controller;
			sourceTree = "<group>";
		};
		0325A5031DA4D4440024C489 /* Model */ = {
			isa = PBXGroup;
			children = (
			);
			path = Model;
			sourceTree = "<group>";
		};
		0325A5041DA4D4440024C489 /* View */ = {
			isa = PBXGroup;
			children = (
				0325A5301DA5FBC70024C489 /* CHScreenView.h */,
				0325A5311DA5FBC70024C489 /* CHScreenView.m */,
				0325A5331DA5FE940024C489 /* CHUnlockedButtonsView.h */,
				0325A5341DA5FE940024C489 /* CHUnlockedButtonsView.m */,
				0325A5361DA60D160024C489 /* CHButton.h */,
				0325A5371DA60D160024C489 /* CHButton.m */,
				0325A53E1DA639310024C489 /* CHPaintView.h */,
				0325A53F1DA639310024C489 /* CHPaintView.m */,
				0325A5411DA646A70024C489 /* CHBezierPath.h */,
				0325A5421DA646A70024C489 /* CHBezierPath.m */,
				0325A5441DA650DC0024C489 /* CHEditingPictureView.h */,
				0325A5451DA650DC0024C489 /* CHEditingPictureView.m */,
				03CBCFD31DA78AB500640217 /* CHImagePlayerSV.h */,
				03CBCFD41DA78AB500640217 /* CHImagePlayerSV.m */,
			);
			path = View;
			sourceTree = "<group>";
		};
		0325A5051DA4D4440024C489 /* Third */ = {
			isa = PBXGroup;
			children = (
				0325A5061DA4D4440024C489 /* Controller */,
				0325A5071DA4D4440024C489 /* Model */,
				0325A5081DA4D4440024C489 /* View */,
			);
			path = Third;
			sourceTree = "<group>";
		};
		0325A5061DA4D4440024C489 /* Controller */ = {
			isa = PBXGroup;
			children = (
			);
			path = Controller;
			sourceTree = "<group>";
		};
		0325A5071DA4D4440024C489 /* Model */ = {
			isa = PBXGroup;
			children = (
			);
			path = Model;
			sourceTree = "<group>";
		};
		0325A5081DA4D4440024C489 /* View */ = {
			isa = PBXGroup;
			children = (
			);
			path = View;
			sourceTree = "<group>";
		};
		0325A50E1DA4D59D0024C489 /* Main */ = {
			isa = PBXGroup;
			children = (
				0325A50F1DA4D59D0024C489 /* Controller */,
				0325A5101DA4D59D0024C489 /* Model */,
				0325A5111DA4D59D0024C489 /* View */,
			);
			path = Main;
			sourceTree = "<group>";
		};
		0325A50F1DA4D59D0024C489 /* Controller */ = {
			isa = PBXGroup;
			children = (
				0325A5121DA4D5E50024C489 /* CHFirstNavigationController.h */,
				0325A5131DA4D5E50024C489 /* CHFirstNavigationController.m */,
				0325A5151DA4D6000024C489 /* CHSecondNavigationController.h */,
				0325A5161DA4D6000024C489 /* CHSecondNavigationController.m */,
				0325A5181DA4D6140024C489 /* CHThirdNavigationController.h */,
				0325A5191DA4D6140024C489 /* CHThirdNavigationController.m */,
			);
			path = Controller;
			sourceTree = "<group>";
		};
		0325A5101DA4D59D0024C489 /* Model */ = {
			isa = PBXGroup;
			children = (
			);
			path = Model;
			sourceTree = "<group>";
		};
		0325A5111DA4D59D0024C489 /* View */ = {
			isa = PBXGroup;
			children = (
			);
			path = View;
			sourceTree = "<group>";
		};
		0325A5211DA4FC3E0024C489 /* Other */ = {
			isa = PBXGroup;
			children = (
				0325A5221DA4FC3E0024C489 /* Category */,
				0325A5251DA4FC3E0024C489 /* Lib */,
			);
			path = Other;
			sourceTree = "<group>";
		};
		0325A5221DA4FC3E0024C489 /* Category */ = {
			isa = PBXGroup;
			children = (
				0325A5231DA4FC3E0024C489 /* UIView+CHFrame.h */,
				0325A5241DA4FC3E0024C489 /* UIView+CHFrame.m */,
				0325A5281DA5F5170024C489 /* UIImage+clipImage.h */,
				0325A5291DA5F5170024C489 /* UIImage+clipImage.m */,
				0325A5471DA67A0D0024C489 /* CHTools.h */,
				0325A5481DA67A0D0024C489 /* CHTools.m */,
			);
			path = Category;
			sourceTree = "<group>";
		};
		0325A5251DA4FC3E0024C489 /* Lib */ = {
			isa = PBXGroup;
			children = (
				03CBCFA51DA76E0700640217 /* MJExtension */,
			);
			path = Lib;
			sourceTree = "<group>";
		};
		03CBCF851DA766B300640217 /* flags */ = {
			isa = PBXGroup;
			children = (
				03CBCF861DA766B300640217 /* agt.gif */,
				03CBCF871DA766B300640217 /* baxi.gif */,
				03CBCF881DA766B300640217 /* deguo.gif */,
				03CBCF891DA766B300640217 /* faguo.gif */,
				03CBCF8A1DA766B300640217 /* hanguo.gif */,
				03CBCF8B1DA766B300640217 /* helan.gif */,
				03CBCF8C1DA766B300640217 /* putaoya.gif */,
				03CBCF8D1DA766B300640217 /* ruidian.gif */,
				03CBCF8E1DA766B300640217 /* ruishi.gif */,
				03CBCF8F1DA766B300640217 /* wlgui.gif */,
				03CBCF901DA766B300640217 /* xiby.gif */,
				03CBCF911DA766B300640217 /* ydl.gif */,
				03CBCF921DA766B300640217 /* ying.png */,
				03CBCF931DA766B300640217 /* zhongguo.jpg */,
			);
			path = flags;
			sourceTree = "<group>";
		};
		03CBCFA51DA76E0700640217 /* MJExtension */ = {
			isa = PBXGroup;
			children = (
				03CBCFA61DA76E0700640217 /* MJExtension.h */,
				03CBCFA71DA76E0700640217 /* MJExtensionConst.h */,
				03CBCFA81DA76E0700640217 /* MJExtensionConst.m */,
				03CBCFA91DA76E0700640217 /* MJFoundation.h */,
				03CBCFAA1DA76E0700640217 /* MJFoundation.m */,
				03CBCFAB1DA76E0700640217 /* MJProperty.h */,
				03CBCFAC1DA76E0700640217 /* MJProperty.m */,
				03CBCFAD1DA76E0700640217 /* MJPropertyKey.h */,
				03CBCFAE1DA76E0700640217 /* MJPropertyKey.m */,
				03CBCFAF1DA76E0700640217 /* MJPropertyType.h */,
				03CBCFB01DA76E0700640217 /* MJPropertyType.m */,
				03CBCFB11DA76E0700640217 /* NSObject+MJClass.h */,
				03CBCFB21DA76E0700640217 /* NSObject+MJClass.m */,
				03CBCFB31DA76E0700640217 /* NSObject+MJCoding.h */,
				03CBCFB41DA76E0700640217 /* NSObject+MJCoding.m */,
				03CBCFB51DA76E0700640217 /* NSObject+MJKeyValue.h */,
				03CBCFB61DA76E0700640217 /* NSObject+MJKeyValue.m */,
				03CBCFB71DA76E0700640217 /* NSObject+MJProperty.h */,
				03CBCFB81DA76E0700640217 /* NSObject+MJProperty.m */,
				03CBCFB91DA76E0700640217 /* NSString+MJExtension.h */,
				03CBCFBA1DA76E0700640217 /* NSString+MJExtension.m */,
			);
			path = MJExtension;
			sourceTree = "<group>";
		};
/* End PBXGroup section */

/* Begin PBXNativeTarget section */
		0325A4C01DA497E10024C489 /* Quartz2D */ = {
			isa = PBXNativeTarget;
			buildConfigurationList = 0325A4D81DA497E10024C489 /* Build configuration list for PBXNativeTarget "Quartz2D" */;
			buildPhases = (
				0325A4BD1DA497E10024C489 /* Sources */,
				0325A4BE1DA497E10024C489 /* Frameworks */,
				0325A4BF1DA497E10024C489 /* Resources */,
			);
			buildRules = (
			);
			dependencies = (
			);
			name = Quartz2D;
			productName = Quartz2D;
			productReference = 0325A4C11DA497E10024C489 /* Quartz2D.app */;
			productType = "com.apple.product-type.application";
		};
/* End PBXNativeTarget section */

/* Begin PBXProject section */
		0325A4B91DA497E10024C489 /* Project object */ = {
			isa = PBXProject;
			attributes = {
				CLASSPREFIX = CH;
				LastUpgradeCheck = 0730;
				ORGANIZATIONNAME = moxuyou;
				TargetAttributes = {
					0325A4C01DA497E10024C489 = {
						CreatedOnToolsVersion = 7.3;
					};
				};
			};
			buildConfigurationList = 0325A4BC1DA497E10024C489 /* Build configuration list for PBXProject "Quartz2D" */;
			compatibilityVersion = "Xcode 3.2";
			developmentRegion = English;
			hasScannedForEncodings = 0;
			knownRegions = (
				en,
				Base,
			);
			mainGroup = 0325A4B81DA497E10024C489;
			productRefGroup = 0325A4C21DA497E10024C489 /* Products */;
			projectDirPath = "";
			projectRoot = "";
			targets = (
				0325A4C01DA497E10024C489 /* Quartz2D */,
			);
		};
/* End PBXProject section */

/* Begin PBXResourcesBuildPhase section */
		0325A4BF1DA497E10024C489 /* Resources */ = {
			isa = PBXResourcesBuildPhase;
			buildActionMask = 2147483647;
			files = (
				0325A4D41DA497E10024C489 /* LaunchScreen.storyboard in Resources */,
				03CBCFA11DA766B300640217 /* zhongguo.jpg in Resources */,
				03CBCFC61DA76E1B00640217 /* provinces.plist in Resources */,
				03CBCF961DA766B300640217 /* deguo.gif in Resources */,
				03CBCF9C1DA766B300640217 /* ruishi.gif in Resources */,
				03CBCF9A1DA766B300640217 /* putaoya.gif in Resources */,
				03CBCF9B1DA766B300640217 /* ruidian.gif in Resources */,
				03CBCF771DA7604700640217 /* CHPikerViewController.xib in Resources */,
				0325A4D11DA497E10024C489 /* Assets.xcassets in Resources */,
				03CBCF941DA766B300640217 /* agt.gif in Resources */,
				03CBCF841DA7616E00640217 /* flags.plist in Resources */,
				03CBCF981DA766B300640217 /* hanguo.gif in Resources */,
				0325A53D1DA62CB00024C489 /* CHPaintViewController.xib in Resources */,
				03CBCF971DA766B300640217 /* faguo.gif in Resources */,
				03CBCF9E1DA766B300640217 /* xiby.gif in Resources */,
				0325A52F1DA5FB780024C489 /* CHUnlockedViewController.xib in Resources */,
				03CBCFA01DA766B300640217 /* ying.png in Resources */,
				0325A50D1DA4D4440024C489 /* CHProgressView.xib in Resources */,
				0325A4CF1DA497E10024C489 /* Main.storyboard in Resources */,
				03CBCF9D1DA766B300640217 /* wlgui.gif in Resources */,
				03CBCF951DA766B300640217 /* baxi.gif in Resources */,
				03CBCF9F1DA766B300640217 /* ydl.gif in Resources */,
				03CBCF991DA766B300640217 /* helan.gif in Resources */,
				03CBCF7F1DA7614800640217 /* CHFlagView.xib in Resources */,
			);
			runOnlyForDeploymentPostprocessing = 0;
		};
/* End PBXResourcesBuildPhase section */

/* Begin PBXSourcesBuildPhase section */
		0325A4BD1DA497E10024C489 /* Sources */ = {
			isa = PBXSourcesBuildPhase;
			buildActionMask = 2147483647;
			files = (
				03CBCFC11DA76E0700640217 /* NSObject+MJCoding.m in Sources */,
				0325A5491DA67A0D0024C489 /* CHTools.m in Sources */,
				03CBCFD51DA78AB500640217 /* CHImagePlayerSV.m in Sources */,
				0325A51A1DA4D6140024C489 /* CHThirdNavigationController.m in Sources */,
				03CBCFC21DA76E0700640217 /* NSObject+MJKeyValue.m in Sources */,
				0325A5091DA4D4440024C489 /* CHViewController.m in Sources */,
				0325A4C91DA497E10024C489 /* AppDelegate.m in Sources */,
				03CBCFC41DA76E0700640217 /* NSString+MJExtension.m in Sources */,
				0325A50B1DA4D4440024C489 /* CHDrawView2.m in Sources */,
				03CBCF821DA7615500640217 /* CHFlagItem.m in Sources */,
				03CBCFC01DA76E0700640217 /* NSObject+MJClass.m in Sources */,
				0325A52A1DA5F5170024C489 /* UIImage+clipImage.m in Sources */,
				0325A5321DA5FBC70024C489 /* CHScreenView.m in Sources */,
				0325A5431DA646A70024C489 /* CHBezierPath.m in Sources */,
				03CBCFBF1DA76E0700640217 /* MJPropertyType.m in Sources */,
				0325A5381DA60D160024C489 /* CHButton.m in Sources */,
				03CBCFBE1DA76E0700640217 /* MJPropertyKey.m in Sources */,
				0325A4C61DA497E10024C489 /* main.m in Sources */,
				0325A52E1DA5FB780024C489 /* CHUnlockedViewController.m in Sources */,
				03CBCFA41DA76DD800640217 /* CHDateTField.m in Sources */,
				03CBCFBD1DA76E0700640217 /* MJProperty.m in Sources */,
				03CBCFC31DA76E0700640217 /* NSObject+MJProperty.m in Sources */,
				0325A5261DA4FC3E0024C489 /* UIView+CHFrame.m in Sources */,
				0325A5171DA4D6000024C489 /* CHSecondNavigationController.m in Sources */,
				0325A5141DA4D5E50024C489 /* CHFirstNavigationController.m in Sources */,
				03CBCFBB1DA76E0700640217 /* MJExtensionConst.m in Sources */,
				03CBCF7D1DA7614800640217 /* CHFlagTFiled.m in Sources */,
				03CBCFCC1DA76E3400640217 /* CHProvinceTField.m in Sources */,
				0325A5401DA639310024C489 /* CHPaintView.m in Sources */,
				03CBCFD21DA7890000640217 /* CHImagePlayerViewController.m in Sources */,
				0325A53C1DA62CB00024C489 /* CHPaintViewController.m in Sources */,
				03CBCFCF1DA7755A00640217 /* CHHitTestBtn.m in Sources */,
				0325A50C1DA4D4440024C489 /* CHProgressView.m in Sources */,
				03CBCFC91DA76E2800640217 /* CHProvinceItem.m in Sources */,
				0325A5461DA650DC0024C489 /* CHEditingPictureView.m in Sources */,
				0325A5351DA5FE940024C489 /* CHUnlockedButtonsView.m in Sources */,
				0325A5201DA4DA4C0024C489 /* CHSnowImageView.m in Sources */,
				0325A51D1DA4D9910024C489 /* CHSnowViewController.m in Sources */,
				03CBCFBC1DA76E0700640217 /* MJFoundation.m in Sources */,
				03CBCF761DA7604700640217 /* CHPikerViewController.m in Sources */,
				0325A50A1DA4D4440024C489 /* CHDrawView.m in Sources */,
				03CBCF7E1DA7614800640217 /* CHFlagView.m in Sources */,
			);
			runOnlyForDeploymentPostprocessing = 0;
		};
/* End PBXSourcesBuildPhase section */

/* Begin PBXVariantGroup section */
		0325A4CD1DA497E10024C489 /* Main.storyboard */ = {
			isa = PBXVariantGroup;
			children = (
				0325A4CE1DA497E10024C489 /* Base */,
			);
			name = Main.storyboard;
			sourceTree = "<group>";
		};
		0325A4D21DA497E10024C489 /* LaunchScreen.storyboard */ = {
			isa = PBXVariantGroup;
			children = (
				0325A4D31DA497E10024C489 /* Base */,
			);
			name = LaunchScreen.storyboard;
			sourceTree = "<group>";
		};
/* End PBXVariantGroup section */

/* Begin XCBuildConfiguration section */
		0325A4D61DA497E10024C489 /* Debug */ = {
			isa = XCBuildConfiguration;
			buildSettings = {
				ALWAYS_SEARCH_USER_PATHS = NO;
				CLANG_ANALYZER_NONNULL = YES;
				CLANG_CXX_LANGUAGE_STANDARD = "gnu++0x";
				CLANG_CXX_LIBRARY = "libc++";
				CLANG_ENABLE_MODULES = YES;
				CLANG_ENABLE_OBJC_ARC = YES;
				CLANG_WARN_BOOL_CONVERSION = YES;
				CLANG_WARN_CONSTANT_CONVERSION = YES;
				CLANG_WARN_DIRECT_OBJC_ISA_USAGE = YES_ERROR;
				CLANG_WARN_EMPTY_BODY = YES;
				CLANG_WARN_ENUM_CONVERSION = YES;
				CLANG_WARN_INT_CONVERSION = YES;
				CLANG_WARN_OBJC_ROOT_CLASS = YES_ERROR;
				CLANG_WARN_UNREACHABLE_CODE = YES;
				CLANG_WARN__DUPLICATE_METHOD_MATCH = YES;
				"CODE_SIGN_IDENTITY[sdk=iphoneos*]" = "iPhone Developer";
				COPY_PHASE_STRIP = NO;
				DEBUG_INFORMATION_FORMAT = dwarf;
				ENABLE_STRICT_OBJC_MSGSEND = YES;
				ENABLE_TESTABILITY = YES;
				GCC_C_LANGUAGE_STANDARD = gnu99;
				GCC_DYNAMIC_NO_PIC = NO;
				GCC_NO_COMMON_BLOCKS = YES;
				GCC_OPTIMIZATION_LEVEL = 0;
				GCC_PREPROCESSOR_DEFINITIONS = (
					"DEBUG=1",
					"$(inherited)",
				);
				GCC_WARN_64_TO_32_BIT_CONVERSION = YES;
				GCC_WARN_ABOUT_RETURN_TYPE = YES_ERROR;
				GCC_WARN_UNDECLARED_SELECTOR = YES;
				GCC_WARN_UNINITIALIZED_AUTOS = YES_AGGRESSIVE;
				GCC_WARN_UNUSED_FUNCTION = YES;
				GCC_WARN_UNUSED_VARIABLE = YES;
				IPHONEOS_DEPLOYMENT_TARGET = 9.3;
				MTL_ENABLE_DEBUG_INFO = YES;
				ONLY_ACTIVE_ARCH = YES;
				SDKROOT = iphoneos;
				TARGETED_DEVICE_FAMILY = "1,2";
			};
			name = Debug;
		};
		0325A4D71DA497E10024C489 /* Release */ = {
			isa = XCBuildConfiguration;
			buildSettings = {
				ALWAYS_SEARCH_USER_PATHS = NO;
				CLANG_ANALYZER_NONNULL = YES;
				CLANG_CXX_LANGUAGE_STANDARD = "gnu++0x";
				CLANG_CXX_LIBRARY = "libc++";
				CLANG_ENABLE_MODULES = YES;
				CLANG_ENABLE_OBJC_ARC = YES;
				CLANG_WARN_BOOL_CONVERSION = YES;
				CLANG_WARN_CONSTANT_CONVERSION = YES;
				CLANG_WARN_DIRECT_OBJC_ISA_USAGE = YES_ERROR;
				CLANG_WARN_EMPTY_BODY = YES;
				CLANG_WARN_ENUM_CONVERSION = YES;
				CLANG_WARN_INT_CONVERSION = YES;
				CLANG_WARN_OBJC_ROOT_CLASS = YES_ERROR;
				CLANG_WARN_UNREACHABLE_CODE = YES;
				CLANG_WARN__DUPLICATE_METHOD_MATCH = YES;
				"CODE_SIGN_IDENTITY[sdk=iphoneos*]" = "iPhone Developer";
				COPY_PHASE_STRIP = NO;
				DEBUG_INFORMATION_FORMAT = "dwarf-with-dsym";
				ENABLE_NS_ASSERTIONS = NO;
				ENABLE_STRICT_OBJC_MSGSEND = YES;
				GCC_C_LANGUAGE_STANDARD = gnu99;
				GCC_NO_COMMON_BLOCKS = YES;
				GCC_WARN_64_TO_32_BIT_CONVERSION = YES;
				GCC_WARN_ABOUT_RETURN_TYPE = YES_ERROR;
				GCC_WARN_UNDECLARED_SELECTOR = YES;
				GCC_WARN_UNINITIALIZED_AUTOS = YES_AGGRESSIVE;
				GCC_WARN_UNUSED_FUNCTION = YES;
				GCC_WARN_UNUSED_VARIABLE = YES;
				IPHONEOS_DEPLOYMENT_TARGET = 9.3;
				MTL_ENABLE_DEBUG_INFO = NO;
				SDKROOT = iphoneos;
				TARGETED_DEVICE_FAMILY = "1,2";
				VALIDATE_PRODUCT = YES;
			};
			name = Release;
		};
		0325A4D91DA497E10024C489 /* Debug */ = {
			isa = XCBuildConfiguration;
			buildSettings = {
				ASSETCATALOG_COMPILER_APPICON_NAME = AppIcon;
				GCC_PRECOMPILE_PREFIX_HEADER = YES;
				GCC_PREFIX_HEADER = Quartz2D/PrefixHeader.pch;
				INFOPLIST_FILE = Quartz2D/Info.plist;
				LD_RUNPATH_SEARCH_PATHS = "$(inherited) @executable_path/Frameworks";
				PRODUCT_BUNDLE_IDENTIFIER = com.moxuyou.Quartz2D;
				PRODUCT_NAME = "$(TARGET_NAME)";
			};
			name = Debug;
		};
		0325A4DA1DA497E10024C489 /* Release */ = {
			isa = XCBuildConfiguration;
			buildSettings = {
				ASSETCATALOG_COMPILER_APPICON_NAME = AppIcon;
				GCC_PRECOMPILE_PREFIX_HEADER = YES;
				GCC_PREFIX_HEADER = Quartz2D/PrefixHeader.pch;
				INFOPLIST_FILE = Quartz2D/Info.plist;
				LD_RUNPATH_SEARCH_PATHS = "$(inherited) @executable_path/Frameworks";
				PRODUCT_BUNDLE_IDENTIFIER = com.moxuyou.Quartz2D;
				PRODUCT_NAME = "$(TARGET_NAME)";
			};
			name = Release;
		};
/* End XCBuildConfiguration section */

/* Begin XCConfigurationList section */
		0325A4BC1DA497E10024C489 /* Build configuration list for PBXProject "Quartz2D" */ = {
			isa = XCConfigurationList;
			buildConfigurations = (
				0325A4D61DA497E10024C489 /* Debug */,
				0325A4D71DA497E10024C489 /* Release */,
			);
			defaultConfigurationIsVisible = 0;
			defaultConfigurationName = Release;
		};
		0325A4D81DA497E10024C489 /* Build configuration list for PBXNativeTarget "Quartz2D" */ = {
			isa = XCConfigurationList;
			buildConfigurations = (
				0325A4D91DA497E10024C489 /* Debug */,
				0325A4DA1DA497E10024C489 /* Release */,
			);
			defaultConfigurationIsVisible = 0;
			defaultConfigurationName = Release;
		};
/* End XCConfigurationList section */
	};
	rootObject = 0325A4B91DA497E10024C489 /* Project object */;
}
